
Microsoft Visual Studio Solution File, Format Version 12.00
# Visual Studio Version 16
VisualStudioVersion = 16.0.32929.386
MinimumVisualStudioVersion = 10.0.40219.1
Project("{FAE04EC0-301F-11D3-BF4B-00C04F79EFBC}") = "DAD(dateadate).Server", "DAD(dateadate)\Server\DAD(dateadate).Server.csproj", "{11149C10-DFAD-46EC-99AD-79AA462616F7}"
EndProject
Project("{FAE04EC0-301F-11D3-BF4B-00C04F79EFBC}") = "DAD(dateadate).Client", "DAD(dateadate)\Client\DAD(dateadate).Client.csproj", "{7BEDFFC3-9198-420D-897B-4A813562E0BA}"
EndProject
Project("{FAE04EC0-301F-11D3-BF4B-00C04F79EFBC}") = "DAD(dateadate).Shared", "DAD(dateadate)\Shared\DAD(dateadate).Shared.csproj", "{E0207DF4-343A-4BCD-BA5A-EF66ABCA96C9}"
EndProject
Global
	GlobalSection(SolutionConfigurationPlatforms) = preSolution
		Debug|Any CPU = Debug|Any CPU
		Release|Any CPU = Release|Any CPU
	EndGlobalSection
	GlobalSection(ProjectConfigurationPlatforms) = postSolution
		{11149C10-DFAD-46EC-99AD-79AA462616F7}.Debug|Any CPU.ActiveCfg = Debug|Any CPU
		{11149C10-DFAD-46EC-99AD-79AA462616F7}.Debug|Any CPU.Build.0 = Debug|Any CPU
		{11149C10-DFAD-46EC-99AD-79AA462616F7}.Release|Any CPU.ActiveCfg = Release|Any CPU
		{11149C10-DFAD-46EC-99AD-79AA462616F7}.Release|Any CPU.Build.0 = Release|Any CPU
		{7BEDFFC3-9198-420D-897B-4A813562E0BA}.Debug|Any CPU.ActiveCfg = Debug|Any CPU
		{7BEDFFC3-9198-420D-897B-4A813562E0BA}.Debug|Any CPU.Build.0 = Debug|Any CPU
		{7BEDFFC3-9198-420D-897B-4A813562E0BA}.Release|Any CPU.ActiveCfg = Release|Any CPU
		{7BEDFFC3-9198-420D-897B-4A813562E0BA}.Release|Any CPU.Build.0 = Release|Any CPU
		{E0207DF4-343A-4BCD-BA5A-EF66ABCA96C9}.Debug|Any CPU.ActiveCfg = Debug|Any CPU
		{E0207DF4-343A-4BCD-BA5A-EF66ABCA96C9}.Debug|Any CPU.Build.0 = Debug|Any CPU
		{E0207DF4-343A-4BCD-BA5A-EF66ABCA96C9}.Release|Any CPU.ActiveCfg = Release|Any CPU
		{E0207DF4-343A-4BCD-BA5A-EF66ABCA96C9}.Release|Any CPU.Build.0 = Release|Any CPU
	EndGlobalSection
	GlobalSection(SolutionProperties) = preSolution
		HideSolutionNode = FALSE
	EndGlobalSection
	GlobalSection(ExtensibilityGlobals) = postSolution
		SolutionGuid = {F1BE7D13-13E2-4FB0-80E4-C0C1E7F1C477}
	EndGlobalSection
EndGlobal
